
Microsoft Visual Studio Solution File, Format Version 12.00
# Visual Studio Version 17
VisualStudioVersion = 17.11.35208.52
MinimumVisualStudioVersion = 10.0.40219.1
Project("{9A19103F-16F7-4668-BE54-9A1E7A4F7556}") = "Ecommerce.Application", "src\Ecommerce.Application\Ecommerce.Application.csproj", "{4F1EDE00-CE1B-4356-A6C9-D529AC918762}"
EndProject
Project("{9A19103F-16F7-4668-BE54-9A1E7A4F7556}") = "Ecommerce.Domain", "src\Ecommerce.Domain\Ecommerce.Domain.csproj", "{02C55DA7-F515-4C5C-917D-FEBC3B1B5E24}"
EndProject
Project("{9A19103F-16F7-4668-BE54-9A1E7A4F7556}") = "Ecommerce.Infrastructure", "src\Ecommerce.Infrastructure\Ecommerce.Infrastructure.csproj", "{FAF9C984-D79A-4023-AB01-65A3DA5D948C}"
EndProject
Project("{9A19103F-16F7-4668-BE54-9A1E7A4F7556}") = "Ecommerce.Api", "src\Ecommerce.Api\Ecommerce.Api.csproj", "{5665FEEC-83C8-484E-9EA3-7598FED6335F}"
EndProject
Project("{9A19103F-16F7-4668-BE54-9A1E7A4F7556}") = "Ecommerce.Api.Tests", "tests\Ecommerce.Api.Tests\Ecommerce.Api.Tests.csproj", "{55F758B0-4ADF-494B-B1EE-7DC003FECC02}"
EndProject
Project("{9A19103F-16F7-4668-BE54-9A1E7A4F7556}") = "Ecommerce.Infrastructure.Tests", "tests\Ecommerce.Infrastructure.Tests\Ecommerce.Infrastructure.Tests.csproj", "{498BD08C-F925-4E02-B09B-8A3FDA7B8CAB}"
EndProject
Project("{2150E333-8FDC-42A3-9474-1A3956D46DE8}") = "src", "src", "{93BFD320-1151-47DE-B82B-824D8BC78163}"
EndProject
Project("{2150E333-8FDC-42A3-9474-1A3956D46DE8}") = "tests", "tests", "{CC779F00-E13C-4CE2-BDA4-A835433E1832}"
EndProject
Global
	GlobalSection(SolutionConfigurationPlatforms) = preSolution
		Debug|Any CPU = Debug|Any CPU
		Release|Any CPU = Release|Any CPU
	EndGlobalSection
	GlobalSection(ProjectConfigurationPlatforms) = postSolution
		{4F1EDE00-CE1B-4356-A6C9-D529AC918762}.Debug|Any CPU.ActiveCfg = Debug|Any CPU
		{4F1EDE00-CE1B-4356-A6C9-D529AC918762}.Debug|Any CPU.Build.0 = Debug|Any CPU
		{4F1EDE00-CE1B-4356-A6C9-D529AC918762}.Release|Any CPU.ActiveCfg = Release|Any CPU
		{4F1EDE00-CE1B-4356-A6C9-D529AC918762}.Release|Any CPU.Build.0 = Release|Any CPU
		{02C55DA7-F515-4C5C-917D-FEBC3B1B5E24}.Debug|Any CPU.ActiveCfg = Debug|Any CPU
		{02C55DA7-F515-4C5C-917D-FEBC3B1B5E24}.Debug|Any CPU.Build.0 = Debug|Any CPU
		{02C55DA7-F515-4C5C-917D-FEBC3B1B5E24}.Release|Any CPU.ActiveCfg = Release|Any CPU
		{02C55DA7-F515-4C5C-917D-FEBC3B1B5E24}.Release|Any CPU.Build.0 = Release|Any CPU
		{FAF9C984-D79A-4023-AB01-65A3DA5D948C}.Debug|Any CPU.ActiveCfg = Debug|Any CPU
		{FAF9C984-D79A-4023-AB01-65A3DA5D948C}.Debug|Any CPU.Build.0 = Debug|Any CPU
		{FAF9C984-D79A-4023-AB01-65A3DA5D948C}.Release|Any CPU.ActiveCfg = Release|Any CPU
		{FAF9C984-D79A-4023-AB01-65A3DA5D948C}.Release|Any CPU.Build.0 = Release|Any CPU
		{5665FEEC-83C8-484E-9EA3-7598FED6335F}.Debug|Any CPU.ActiveCfg = Debug|Any CPU
		{5665FEEC-83C8-484E-9EA3-7598FED6335F}.Debug|Any CPU.Build.0 = Debug|Any CPU
		{5665FEEC-83C8-484E-9EA3-7598FED6335F}.Release|Any CPU.ActiveCfg = Release|Any CPU
		{5665FEEC-83C8-484E-9EA3-7598FED6335F}.Release|Any CPU.Build.0 = Release|Any CPU
		{55F758B0-4ADF-494B-B1EE-7DC003FECC02}.Debug|Any CPU.ActiveCfg = Debug|Any CPU
		{55F758B0-4ADF-494B-B1EE-7DC003FECC02}.Debug|Any CPU.Build.0 = Debug|Any CPU
		{55F758B0-4ADF-494B-B1EE-7DC003FECC02}.Release|Any CPU.ActiveCfg = Release|Any CPU
		{55F758B0-4ADF-494B-B1EE-7DC003FECC02}.Release|Any CPU.Build.0 = Release|Any CPU
		{498BD08C-F925-4E02-B09B-8A3FDA7B8CAB}.Debug|Any CPU.ActiveCfg = Debug|Any CPU
		{498BD08C-F925-4E02-B09B-8A3FDA7B8CAB}.Debug|Any CPU.Build.0 = Debug|Any CPU
		{498BD08C-F925-4E02-B09B-8A3FDA7B8CAB}.Release|Any CPU.ActiveCfg = Release|Any CPU
		{498BD08C-F925-4E02-B09B-8A3FDA7B8CAB}.Release|Any CPU.Build.0 = Release|Any CPU
	EndGlobalSection
	GlobalSection(SolutionProperties) = preSolution
		HideSolutionNode = FALSE
	EndGlobalSection
	GlobalSection(NestedProjects) = preSolution
		{4F1EDE00-CE1B-4356-A6C9-D529AC918762} = {93BFD320-1151-47DE-B82B-824D8BC78163}
		{02C55DA7-F515-4C5C-917D-FEBC3B1B5E24} = {93BFD320-1151-47DE-B82B-824D8BC78163}
		{FAF9C984-D79A-4023-AB01-65A3DA5D948C} = {93BFD320-1151-47DE-B82B-824D8BC78163}
		{5665FEEC-83C8-484E-9EA3-7598FED6335F} = {93BFD320-1151-47DE-B82B-824D8BC78163}
		{55F758B0-4ADF-494B-B1EE-7DC003FECC02} = {CC779F00-E13C-4CE2-BDA4-A835433E1832}
		{498BD08C-F925-4E02-B09B-8A3FDA7B8CAB} = {CC779F00-E13C-4CE2-BDA4-A835433E1832}
	EndGlobalSection
	GlobalSection(ExtensibilityGlobals) = postSolution
		SolutionGuid = {B9BD38BA-860C-44FE-B822-C53B73C8833D}
	EndGlobalSection
EndGlobal
